// !$*UTF8*$!
{
	archiveVersion = 1;
	classes = {
	};
	objectVersion = 48;
	objects = {

/* Begin PBXBuildFile section */
		D7BEF5A11F1DF84A007CB419 /* AppDelegate.swift in Sources */ = {isa = PBXBuildFile; fileRef = D7BEF5A01F1DF84A007CB419 /* AppDelegate.swift */; };
		D7BEF5A31F1DF84A007CB419 /* ViewController.swift in Sources */ = {isa = PBXBuildFile; fileRef = D7BEF5A21F1DF84A007CB419 /* ViewController.swift */; };
		D7BEF5A81F1DF84A007CB419 /* Assets.xcassets in Resources */ = {isa = PBXBuildFile; fileRef = D7BEF5A71F1DF84A007CB419 /* Assets.xcassets */; };
		D7BEF5AB1F1DF84A007CB419 /* LaunchScreen.storyboard in Resources */ = {isa = PBXBuildFile; fileRef = D7BEF5A91F1DF84A007CB419 /* LaunchScreen.storyboard */; };
		D7BEF5B61F1DF911007CB419 /* MainViewController.swift in Sources */ = {isa = PBXBuildFile; fileRef = D7BEF5B41F1DF911007CB419 /* MainViewController.swift */; };
		D7D5DB521F26E89100842F55 /* TSegmentedControlView.swift in Sources */ = {isa = PBXBuildFile; fileRef = D7D5DB4F1F26E88400842F55 /* TSegmentedControlView.swift */; };
		D7D5DB531F26E89100842F55 /* TSegmentedView.swift in Sources */ = {isa = PBXBuildFile; fileRef = D7D5DB501F26E88400842F55 /* TSegmentedView.swift */; };
		D7D5DB541F26E89100842F55 /* TSVExtension.swift in Sources */ = {isa = PBXBuildFile; fileRef = D7D5DB511F26E88400842F55 /* TSVExtension.swift */; };
/* End PBXBuildFile section */

/* Begin PBXFileReference section */
		D7BEF59D1F1DF84A007CB419 /* TSegmentedView.app */ = {isa = PBXFileReference; explicitFileType = wrapper.application; includeInIndex = 0; path = TSegmentedView.app; sourceTree = BUILT_PRODUCTS_DIR; };
		D7BEF5A01F1DF84A007CB419 /* AppDelegate.swift */ = {isa = PBXFileReference; lastKnownFileType = sourcecode.swift; path = AppDelegate.swift; sourceTree = "<group>"; };
		D7BEF5A21F1DF84A007CB419 /* ViewController.swift */ = {isa = PBXFileReference; lastKnownFileType = sourcecode.swift; path = ViewController.swift; sourceTree = "<group>"; };
		D7BEF5A71F1DF84A007CB419 /* Assets.xcassets */ = {isa = PBXFileReference; lastKnownFileType = folder.assetcatalog; path = Assets.xcassets; sourceTree = "<group>"; };
		D7BEF5AA1F1DF84A007CB419 /* Base */ = {isa = PBXFileReference; lastKnownFileType = file.storyboard; name = Base; path = Base.lproj/LaunchScreen.storyboard; sourceTree = "<group>"; };
		D7BEF5AC1F1DF84A007CB419 /* Info.plist */ = {isa = PBXFileReference; lastKnownFileType = text.plist.xml; path = Info.plist; sourceTree = "<group>"; };
		D7BEF5B41F1DF911007CB419 /* MainViewController.swift */ = {isa = PBXFileReference; lastKnownFileType = sourcecode.swift; path = MainViewController.swift; sourceTree = "<group>"; };
		D7D5DB4F1F26E88400842F55 /* TSegmentedControlView.swift */ = {isa = PBXFileReference; lastKnownFileType = sourcecode.swift; path = TSegmentedControlView.swift; sourceTree = "<group>"; };
		D7D5DB501F26E88400842F55 /* TSegmentedView.swift */ = {isa = PBXFileReference; lastKnownFileType = sourcecode.swift; path = TSegmentedView.swift; sourceTree = "<group>"; };
		D7D5DB511F26E88400842F55 /* TSVExtension.swift */ = {isa = PBXFileReference; lastKnownFileType = sourcecode.swift; path = TSVExtension.swift; sourceTree = "<group>"; };
/* End PBXFileReference section */

/* Begin PBXFrameworksBuildPhase section */
		D7BEF59A1F1DF84A007CB419 /* Frameworks */ = {
			isa = PBXFrameworksBuildPhase;
			buildActionMask = 2147483647;
			files = (
			);
			runOnlyForDeploymentPostprocessing = 0;
		};
/* End PBXFrameworksBuildPhase section */

/* Begin PBXGroup section */
		446BF0E76A944EA4F05EE9CE /* Frameworks */ = {
			isa = PBXGroup;
			children = (
			);
			name = Frameworks;
			sourceTree = "<group>";
		};
		D7BEF5941F1DF84A007CB419 = {
			isa = PBXGroup;
			children = (
				D7D5DB4E1F26E88400842F55 /* Source */,
				D7BEF59F1F1DF84A007CB419 /* TSegmentedView */,
				D7BEF59E1F1DF84A007CB419 /* Products */,
				446BF0E76A944EA4F05EE9CE /* Frameworks */,
			);
			sourceTree = "<group>";
		};
		D7BEF59E1F1DF84A007CB419 /* Products */ = {
			isa = PBXGroup;
			children = (
				D7BEF59D1F1DF84A007CB419 /* TSegmentedView.app */,
			);
			name = Products;
			sourceTree = "<group>";
		};
		D7BEF59F1F1DF84A007CB419 /* TSegmentedView */ = {
			isa = PBXGroup;
			children = (
				D7BEF5A01F1DF84A007CB419 /* AppDelegate.swift */,
				D7BEF5B41F1DF911007CB419 /* MainViewController.swift */,
				D7BEF5A21F1DF84A007CB419 /* ViewController.swift */,
				D7BEF5A71F1DF84A007CB419 /* Assets.xcassets */,
				D7BEF5A91F1DF84A007CB419 /* LaunchScreen.storyboard */,
				D7BEF5AC1F1DF84A007CB419 /* Info.plist */,
			);
			path = TSegmentedView;
			sourceTree = "<group>";
		};
		D7D5DB4E1F26E88400842F55 /* Source */ = {
			isa = PBXGroup;
			children = (
				D7D5DB4F1F26E88400842F55 /* TSegmentedControlView.swift */,
				D7D5DB501F26E88400842F55 /* TSegmentedView.swift */,
				D7D5DB511F26E88400842F55 /* TSVExtension.swift */,
			);
			path = Source;
			sourceTree = "<group>";
		};
/* End PBXGroup section */

/* Begin PBXNativeTarget section */
		D7BEF59C1F1DF84A007CB419 /* TSegmentedView */ = {
			isa = PBXNativeTarget;
			buildConfigurationList = D7BEF5AF1F1DF84A007CB419 /* Build configuration list for PBXNativeTarget "TSegmentedView" */;
			buildPhases = (
				D7BEF5991F1DF84A007CB419 /* Sources */,
				D7BEF59A1F1DF84A007CB419 /* Frameworks */,
				D7BEF59B1F1DF84A007CB419 /* Resources */,
			);
			buildRules = (
			);
			dependencies = (
			);
			name = TSegmentedView;
			productName = TSegmentedView;
			productReference = D7BEF59D1F1DF84A007CB419 /* TSegmentedView.app */;
			productType = "com.apple.product-type.application";
		};
/* End PBXNativeTarget section */

/* Begin PBXProject section */
		D7BEF5951F1DF84A007CB419 /* Project object */ = {
			isa = PBXProject;
			attributes = {
				LastSwiftUpdateCheck = 0900;
				LastUpgradeCheck = 0900;
				ORGANIZATIONNAME = "邵伟男";
				TargetAttributes = {
					D7BEF59C1F1DF84A007CB419 = {
						CreatedOnToolsVersion = 9.0;
					};
				};
			};
			buildConfigurationList = D7BEF5981F1DF84A007CB419 /* Build configuration list for PBXProject "TSegmentedView" */;
			compatibilityVersion = "Xcode 8.0";
			developmentRegion = en;
			hasScannedForEncodings = 0;
			knownRegions = (
				en,
				Base,
			);
			mainGroup = D7BEF5941F1DF84A007CB419;
			productRefGroup = D7BEF59E1F1DF84A007CB419 /* Products */;
			projectDirPath = "";
			projectRoot = "";
			targets = (
				D7BEF59C1F1DF84A007CB419 /* TSegmentedView */,
			);
		};
/* End PBXProject section */

/* Begin PBXResourcesBuildPhase section */
		D7BEF59B1F1DF84A007CB419 /* Resources */ = {
			isa = PBXResourcesBuildPhase;
			buildActionMask = 2147483647;
			files = (
				D7BEF5AB1F1DF84A007CB419 /* LaunchScreen.storyboard in Resources */,
				D7BEF5A81F1DF84A007CB419 /* Assets.xcassets in Resources */,
			);
			runOnlyForDeploymentPostprocessing = 0;
		};
/* End PBXResourcesBuildPhase section */

/* Begin PBXSourcesBuildPhase section */
		D7BEF5991F1DF84A007CB419 /* Sources */ = {
			isa = PBXSourcesBuildPhase;
			buildActionMask = 2147483647;
			files = (
				D7D5DB521F26E89100842F55 /* TSegmentedControlView.swift in Sources */,
				D7D5DB531F26E89100842F55 /* TSegmentedView.swift in Sources */,
				D7D5DB541F26E89100842F55 /* TSVExtension.swift in Sources */,
				D7BEF5B61F1DF911007CB419 /* MainViewController.swift in Sources */,
				D7BEF5A31F1DF84A007CB419 /* ViewController.swift in Sources */,
				D7BEF5A11F1DF84A007CB419 /* AppDelegate.swift in Sources */,
			);
			runOnlyForDeploymentPostprocessing = 0;
		};
/* End PBXSourcesBuildPhase section */

/* Begin PBXVariantGroup section */
		D7BEF5A91F1DF84A007CB419 /* LaunchScreen.storyboard */ = {
			isa = PBXVariantGroup;
			children = (
				D7BEF5AA1F1DF84A007CB419 /* Base */,
			);
			name = LaunchScreen.storyboard;
			sourceTree = "<group>";
		};
/* End PBXVariantGroup section */

/* Begin XCBuildConfiguration section */
		D7BEF5AD1F1DF84A007CB419 /* Debug */ = {
			isa = XCBuildConfiguration;
			buildSettings = {
				ALWAYS_SEARCH_USER_PATHS = NO;
				CLANG_ANALYZER_NONNULL = YES;
				CLANG_ANALYZER_NUMBER_OBJECT_CONVERSION = YES_AGGRESSIVE;
				CLANG_CXX_LANGUAGE_STANDARD = "gnu++14";
				CLANG_CXX_LIBRARY = "libc++";
				CLANG_ENABLE_MODULES = YES;
				CLANG_ENABLE_OBJC_ARC = YES;
				CLANG_WARN_BLOCK_CAPTURE_AUTORELEASING = YES;
				CLANG_WARN_BOOL_CONVERSION = YES;
				CLANG_WARN_COMMA = YES;
				CLANG_WARN_CONSTANT_CONVERSION = YES;
				CLANG_WARN_DIRECT_OBJC_ISA_USAGE = YES_ERROR;
				CLANG_WARN_DOCUMENTATION_COMMENTS = YES;
				CLANG_WARN_EMPTY_BODY = YES;
				CLANG_WARN_ENUM_CONVERSION = YES;
				CLANG_WARN_INFINITE_RECURSION = YES;
				CLANG_WARN_INT_CONVERSION = YES;
				CLANG_WARN_OBJC_ROOT_CLASS = YES_ERROR;
				CLANG_WARN_RANGE_LOOP_ANALYSIS = YES;
				CLANG_WARN_STRICT_PROTOTYPES = YES;
				CLANG_WARN_SUSPICIOUS_MOVE = YES;
				CLANG_WARN_UNGUARDED_AVAILABILITY = YES_AGGRESSIVE;
				CLANG_WARN_UNREACHABLE_CODE = YES;
				CLANG_WARN__DUPLICATE_METHOD_MATCH = YES;
				CODE_SIGN_IDENTITY = "iPhone Developer";
				COPY_PHASE_STRIP = NO;
				DEBUG_INFORMATION_FORMAT = dwarf;
				ENABLE_STRICT_OBJC_MSGSEND = YES;
				ENABLE_TESTABILITY = YES;
				GCC_C_LANGUAGE_STANDARD = gnu11;
				GCC_DYNAMIC_NO_PIC = NO;
				GCC_NO_COMMON_BLOCKS = YES;
				GCC_OPTIMIZATION_LEVEL = 0;
				GCC_PREPROCESSOR_DEFINITIONS = (
					"DEBUG=1",
					"$(inherited)",
				);
				GCC_WARN_64_TO_32_BIT_CONVERSION = YES;
				GCC_WARN_ABOUT_RETURN_TYPE = YES_ERROR;
				GCC_WARN_UNDECLARED_SELECTOR = YES;
				GCC_WARN_UNINITIALIZED_AUTOS = YES_AGGRESSIVE;
				GCC_WARN_UNUSED_FUNCTION = YES;
				GCC_WARN_UNUSED_VARIABLE = YES;
				IPHONEOS_DEPLOYMENT_TARGET = 11.0;
				MTL_ENABLE_DEBUG_INFO = YES;
				ONLY_ACTIVE_ARCH = YES;
				SDKROOT = iphoneos;
				SWIFT_ACTIVE_COMPILATION_CONDITIONS = DEBUG;
				SWIFT_OPTIMIZATION_LEVEL = "-Onone";
			};
			name = Debug;
		};
		D7BEF5AE1F1DF84A007CB419 /* Release */ = {
			isa = XCBuildConfiguration;
			buildSettings = {
				ALWAYS_SEARCH_USER_PATHS = NO;
				CLANG_ANALYZER_NONNULL = YES;
				CLANG_ANALYZER_NUMBER_OBJECT_CONVERSION = YES_AGGRESSIVE;
				CLANG_CXX_LANGUAGE_STANDARD = "gnu++14";
				CLANG_CXX_LIBRARY = "libc++";
				CLANG_ENABLE_MODULES = YES;
				CLANG_ENABLE_OBJC_ARC = YES;
				CLANG_WARN_BLOCK_CAPTURE_AUTORELEASING = YES;
				CLANG_WARN_BOOL_CONVERSION = YES;
				CLANG_WARN_COMMA = YES;
				CLANG_WARN_CONSTANT_CONVERSION = YES;
				CLANG_WARN_DIRECT_OBJC_ISA_USAGE = YES_ERROR;
				CLANG_WARN_DOCUMENTATION_COMMENTS = YES;
				CLANG_WARN_EMPTY_BODY = YES;
				CLANG_WARN_ENUM_CONVERSION = YES;
				CLANG_WARN_INFINITE_RECURSION = YES;
				CLANG_WARN_INT_CONVERSION = YES;
				CLANG_WARN_OBJC_ROOT_CLASS = YES_ERROR;
				CLANG_WARN_RANGE_LOOP_ANALYSIS = YES;
				CLANG_WARN_STRICT_PROTOTYPES = YES;
				CLANG_WARN_SUSPICIOUS_MOVE = YES;
				CLANG_WARN_UNGUARDED_AVAILABILITY = YES_AGGRESSIVE;
				CLANG_WARN_UNREACHABLE_CODE = YES;
				CLANG_WARN__DUPLICATE_METHOD_MATCH = YES;
				CODE_SIGN_IDENTITY = "iPhone Developer";
				COPY_PHASE_STRIP = NO;
				DEBUG_INFORMATION_FORMAT = "dwarf-with-dsym";
				ENABLE_NS_ASSERTIONS = NO;
				ENABLE_STRICT_OBJC_MSGSEND = YES;
				GCC_C_LANGUAGE_STANDARD = gnu11;
				GCC_NO_COMMON_BLOCKS = YES;
				GCC_WARN_64_TO_32_BIT_CONVERSION = YES;
				GCC_WARN_ABOUT_RETURN_TYPE = YES_ERROR;
				GCC_WARN_UNDECLARED_SELECTOR = YES;
				GCC_WARN_UNINITIALIZED_AUTOS = YES_AGGRESSIVE;
				GCC_WARN_UNUSED_FUNCTION = YES;
				GCC_WARN_UNUSED_VARIABLE = YES;
				IPHONEOS_DEPLOYMENT_TARGET = 11.0;
				MTL_ENABLE_DEBUG_INFO = NO;
				SDKROOT = iphoneos;
				SWIFT_OPTIMIZATION_LEVEL = "-Owholemodule";
				VALIDATE_PRODUCT = YES;
			};
			name = Release;
		};
		D7BEF5B01F1DF84A007CB419 /* Debug */ = {
			isa = XCBuildConfiguration;
			buildSettings = {
				ASSETCATALOG_COMPILER_APPICON_NAME = AppIcon;
				DEVELOPMENT_TEAM = TS9WTSBK78;
				INFOPLIST_FILE = TSegmentedView/Info.plist;
				IPHONEOS_DEPLOYMENT_TARGET = 8.0;
				LD_RUNPATH_SEARCH_PATHS = "$(inherited) @executable_path/Frameworks";
				PRODUCT_BUNDLE_IDENTIFIER = tech.tbd.TSegmentedView;
				PRODUCT_NAME = "$(TARGET_NAME)";
				SWIFT_VERSION = 4.0;
				TARGETED_DEVICE_FAMILY = "1,2";
			};
			name = Debug;
		};
		D7BEF5B11F1DF84A007CB419 /* Release */ = {
			isa = XCBuildConfiguration;
			buildSettings = {
				ASSETCATALOG_COMPILER_APPICON_NAME = AppIcon;
				DEVELOPMENT_TEAM = TS9WTSBK78;
				INFOPLIST_FILE = TSegmentedView/Info.plist;
				IPHONEOS_DEPLOYMENT_TARGET = 8.0;
				LD_RUNPATH_SEARCH_PATHS = "$(inherited) @executable_path/Frameworks";
				PRODUCT_BUNDLE_IDENTIFIER = tech.tbd.TSegmentedView;
				PRODUCT_NAME = "$(TARGET_NAME)";
				SWIFT_VERSION = 4.0;
				TARGETED_DEVICE_FAMILY = "1,2";
			};
			name = Release;
		};
/* End XCBuildConfiguration section */

/* Begin XCConfigurationList section */
		D7BEF5981F1DF84A007CB419 /* Build configuration list for PBXProject "TSegmentedView" */ = {
			isa = XCConfigurationList;
			buildConfigurations = (
				D7BEF5AD1F1DF84A007CB419 /* Debug */,
				D7BEF5AE1F1DF84A007CB419 /* Release */,
			);
			defaultConfigurationIsVisible = 0;
			defaultConfigurationName = Release;
		};
		D7BEF5AF1F1DF84A007CB419 /* Build configuration list for PBXNativeTarget "TSegmentedView" */ = {
			isa = XCConfigurationList;
			buildConfigurations = (
				D7BEF5B01F1DF84A007CB419 /* Debug */,
				D7BEF5B11F1DF84A007CB419 /* Release */,
			);
			defaultConfigurationIsVisible = 0;
			defaultConfigurationName = Release;
		};
/* End XCConfigurationList section */
	};
	rootObject = D7BEF5951F1DF84A007CB419 /* Project object */;
}
