PODS:
  - SnapKit (4.0.0)

DEPENDENCIES:
  - SnapKit (from `https://github.com/SnapKit/SnapKit`, commit `15beb52`)

EXTERNAL SOURCES:
  SnapKit:
    :commit: 15beb52
    :git: https://github.com/SnapKit/SnapKit

CHECKOUT OPTIONS:
  SnapKit:
    :commit: 15beb52
    :git: https://github.com/SnapKit/SnapKit

SPEC CHECKSUMS:
  SnapKit: 4b1c20a79bc7655f2bdefba4f008630681f63fe5

PODFILE CHECKSUM: 9ac51e281a3b76c5a996b5f331f5ec757a2e2265

COCOAPODS: 1.5.3
